{
  "requires": true,
  "lockfileVersion": 1,
  "dependencies": {
    "@codedojo/mdc-react": {
      "version": "0.10.0",
      "resolved": "https://registry.npmjs.org/@codedojo/mdc-react/-/mdc-react-0.10.0.tgz",
      "integrity": "sha512-1PkfWGfjaWgJiholenD037T47J5OuSISKmhwZ75BmPxh7wpK+YjlOZgt4qCSrSBWl99GXSR/cqK1/S6osPS7aQ=="
    }
  }
}
